
Microsoft Visual Studio Solution File, Format Version 12.00
# Visual Studio 15
VisualStudioVersion = 15.0.28307.271
MinimumVisualStudioVersion = 10.0.40219.1
Project("{9A19103F-16F7-4668-BE54-9A1E7A4F7556}") = "MVC02", "MVC02.csproj", "{339EF3CB-6CDE-498F-85A9-5FD7E7265D8A}"
EndProject
Global
	GlobalSection(SolutionConfigurationPlatforms) = preSolution
		Debug|Any CPU = Debug|Any CPU
		Release|Any CPU = Release|Any CPU
	EndGlobalSection
	GlobalSection(ProjectConfigurationPlatforms) = postSolution
		{339EF3CB-6CDE-498F-85A9-5FD7E7265D8A}.Debug|Any CPU.ActiveCfg = Debug|Any CPU
		{339EF3CB-6CDE-498F-85A9-5FD7E7265D8A}.Debug|Any CPU.Build.0 = Debug|Any CPU
		{339EF3CB-6CDE-498F-85A9-5FD7E7265D8A}.Release|Any CPU.ActiveCfg = Release|Any CPU
		{339EF3CB-6CDE-498F-85A9-5FD7E7265D8A}.Release|Any CPU.Build.0 = Release|Any CPU
	EndGlobalSection
	GlobalSection(SolutionProperties) = preSolution
		HideSolutionNode = FALSE
	EndGlobalSection
	GlobalSection(ExtensibilityGlobals) = postSolution
		SolutionGuid = {B91DA8C0-E39F-4966-911D-7F40DAB50868}
	EndGlobalSection
EndGlobal
